<?xml version="1.0" encoding="utf-8"?>
<Project ToolsVersion="4.0" xmlns="http://schemas.microsoft.com/developer/msbuild/2003">
  <ItemGroup>
    <Filter Include="Resource Files">
      <UniqueIdentifier>{67DA6AB6-F800-4c08-8B7A-83BB121AAD01}</UniqueIdentifier>
      <Extensions>rc;ico;cur;bmp;dlg;rc2;rct;bin;rgs;gif;jpg;jpeg;jpe;resx;tiff;tif;png;wav;mfcribbon-ms</Extensions>
    </Filter>
    <Filter Include="Applictation">
      <UniqueIdentifier>{0a266274-f689-4e58-b4b9-1586965ec343}</UniqueIdentifier>
    </Filter>
    <Filter Include="Windows">
      <UniqueIdentifier>{88d178d3-0552-4be7-bd3a-77b84ebe3cae}</UniqueIdentifier>
    </Filter>
    <Filter Include="D2D1 Renderer">
      <UniqueIdentifier>{c39cabc6-1da1-4dbe-b902-0754ec58e0a4}</UniqueIdentifier>
    </Filter>
  </ItemGroup>
  <ItemGroup>
    <ClCompile Include="WinMain.cpp">
      <Filter>Applictation</Filter>
    </ClCompile>
    <ClCompile Include="MainWindow.cpp">
      <Filter>Windows</Filter>
    </ClCompile>
    <ClCompile Include="Renderer2D.cpp">
      <Filter>D2D1 Renderer</Filter>
    </ClCompile>
  </ItemGroup>
  <ItemGroup>
    <ClInclude Include="WinMain_stdfx.h">
      <Filter>Applictation</Filter>
    </ClInclude>
    <ClInclude Include="Framework.h">
      <Filter>Applictation</Filter>
    </ClInclude>
    <ClInclude Include="BaseWindow.h">
      <Filter>Windows</Filter>
    </ClInclude>
    <ClInclude Include="MainWindow.h">
      <Filter>Windows</Filter>
    </ClInclude>
    <ClInclude Include="UsefulMacros.h">
      <Filter>Applictation</Filter>
    </ClInclude>
    <ClInclude Include="Renderer2D.h">
      <Filter>D2D1 Renderer</Filter>
    </ClInclude>
  </ItemGroup>
</Project>